// !$*UTF8*$!
{
	archiveVersion = 1;
	classes = {
	};
	objectVersion = 50;
	objects = {

/* Begin PBXBuildFile section */
		B856D92425426FAE00414F85 /* AppDelegate.swift in Sources */ = {isa = PBXBuildFile; fileRef = B856D92325426FAE00414F85 /* AppDelegate.swift */; };
		B856D92625426FAE00414F85 /* SceneDelegate.swift in Sources */ = {isa = PBXBuildFile; fileRef = B856D92525426FAE00414F85 /* SceneDelegate.swift */; };
		B856D92825426FAE00414F85 /* ViewController.swift in Sources */ = {isa = PBXBuildFile; fileRef = B856D92725426FAE00414F85 /* ViewController.swift */; };
		B856D92B25426FAE00414F85 /* Main.storyboard in Resources */ = {isa = PBXBuildFile; fileRef = B856D92925426FAE00414F85 /* Main.storyboard */; };
		B856D92D25426FAF00414F85 /* Assets.xcassets in Resources */ = {isa = PBXBuildFile; fileRef = B856D92C25426FAE00414F85 /* Assets.xcassets */; };
		B856D93025426FAF00414F85 /* LaunchScreen.storyboard in Resources */ = {isa = PBXBuildFile; fileRef = B856D92E25426FAF00414F85 /* LaunchScreen.storyboard */; };
		B856D93A254270CD00414F85 /* LoginViewController.swift in Sources */ = {isa = PBXBuildFile; fileRef = B856D939254270CD00414F85 /* LoginViewController.swift */; };
/* End PBXBuildFile section */

/* Begin PBXFileReference section */
		B856D92025426FAE00414F85 /* What_to_eat.app */ = {isa = PBXFileReference; explicitFileType = wrapper.application; includeInIndex = 0; path = What_to_eat.app; sourceTree = BUILT_PRODUCTS_DIR; };
		B856D92325426FAE00414F85 /* AppDelegate.swift */ = {isa = PBXFileReference; lastKnownFileType = sourcecode.swift; path = AppDelegate.swift; sourceTree = "<group>"; };
		B856D92525426FAE00414F85 /* SceneDelegate.swift */ = {isa = PBXFileReference; lastKnownFileType = sourcecode.swift; path = SceneDelegate.swift; sourceTree = "<group>"; };
		B856D92725426FAE00414F85 /* ViewController.swift */ = {isa = PBXFileReference; lastKnownFileType = sourcecode.swift; path = ViewController.swift; sourceTree = "<group>"; };
		B856D92A25426FAE00414F85 /* Base */ = {isa = PBXFileReference; lastKnownFileType = file.storyboard; name = Base; path = Base.lproj/Main.storyboard; sourceTree = "<group>"; };
		B856D92C25426FAE00414F85 /* Assets.xcassets */ = {isa = PBXFileReference; lastKnownFileType = folder.assetcatalog; path = Assets.xcassets; sourceTree = "<group>"; };
		B856D92F25426FAF00414F85 /* Base */ = {isa = PBXFileReference; lastKnownFileType = file.storyboard; name = Base; path = Base.lproj/LaunchScreen.storyboard; sourceTree = "<group>"; };
		B856D93125426FAF00414F85 /* Info.plist */ = {isa = PBXFileReference; lastKnownFileType = text.plist.xml; path = Info.plist; sourceTree = "<group>"; };
		B856D939254270CD00414F85 /* LoginViewController.swift */ = {isa = PBXFileReference; lastKnownFileType = sourcecode.swift; path = LoginViewController.swift; sourceTree = "<group>"; };
/* End PBXFileReference section */

/* Begin PBXFrameworksBuildPhase section */
		B856D91D25426FAE00414F85 /* Frameworks */ = {
			isa = PBXFrameworksBuildPhase;
			buildActionMask = 2147483647;
			files = (
			);
			runOnlyForDeploymentPostprocessing = 0;
		};
/* End PBXFrameworksBuildPhase section */

/* Begin PBXGroup section */
		B856D91725426FAE00414F85 = {
			isa = PBXGroup;
			children = (
				B856D92225426FAE00414F85 /* What_to_eat */,
				B856D92125426FAE00414F85 /* Products */,
			);
			sourceTree = "<group>";
		};
		B856D92125426FAE00414F85 /* Products */ = {
			isa = PBXGroup;
			children = (
				B856D92025426FAE00414F85 /* What_to_eat.app */,
			);
			name = Products;
			sourceTree = "<group>";
		};
		B856D92225426FAE00414F85 /* What_to_eat */ = {
			isa = PBXGroup;
			children = (
				B856D938254270A400414F85 /* ViewControllers */,
				B856D92325426FAE00414F85 /* AppDelegate.swift */,
				B856D92525426FAE00414F85 /* SceneDelegate.swift */,
				B856D92725426FAE00414F85 /* ViewController.swift */,
				B856D92925426FAE00414F85 /* Main.storyboard */,
				B856D92C25426FAE00414F85 /* Assets.xcassets */,
				B856D92E25426FAF00414F85 /* LaunchScreen.storyboard */,
				B856D93125426FAF00414F85 /* Info.plist */,
			);
			path = What_to_eat;
			sourceTree = "<group>";
		};
		B856D938254270A400414F85 /* ViewControllers */ = {
			isa = PBXGroup;
			children = (
				B856D939254270CD00414F85 /* LoginViewController.swift */,
			);
			path = ViewControllers;
			sourceTree = "<group>";
		};
/* End PBXGroup section */

/* Begin PBXNativeTarget section */
		B856D91F25426FAE00414F85 /* What_to_eat */ = {
			isa = PBXNativeTarget;
			buildConfigurationList = B856D93425426FAF00414F85 /* Build configuration list for PBXNativeTarget "What_to_eat" */;
			buildPhases = (
				B856D91C25426FAE00414F85 /* Sources */,
				B856D91D25426FAE00414F85 /* Frameworks */,
				B856D91E25426FAE00414F85 /* Resources */,
			);
			buildRules = (
			);
			dependencies = (
			);
			name = What_to_eat;
			productName = What_to_eat;
			productReference = B856D92025426FAE00414F85 /* What_to_eat.app */;
			productType = "com.apple.product-type.application";
		};
/* End PBXNativeTarget section */

/* Begin PBXProject section */
		B856D91825426FAE00414F85 /* Project object */ = {
			isa = PBXProject;
			attributes = {
				LastSwiftUpdateCheck = 1200;
				LastUpgradeCheck = 1200;
				TargetAttributes = {
					B856D91F25426FAE00414F85 = {
						CreatedOnToolsVersion = 12.0.1;
					};
				};
			};
			buildConfigurationList = B856D91B25426FAE00414F85 /* Build configuration list for PBXProject "What_to_eat" */;
			compatibilityVersion = "Xcode 9.3";
			developmentRegion = en;
			hasScannedForEncodings = 0;
			knownRegions = (
				en,
				Base,
			);
			mainGroup = B856D91725426FAE00414F85;
			productRefGroup = B856D92125426FAE00414F85 /* Products */;
			projectDirPath = "";
			projectRoot = "";
			targets = (
				B856D91F25426FAE00414F85 /* What_to_eat */,
			);
		};
/* End PBXProject section */

/* Begin PBXResourcesBuildPhase section */
		B856D91E25426FAE00414F85 /* Resources */ = {
			isa = PBXResourcesBuildPhase;
			buildActionMask = 2147483647;
			files = (
				B856D93025426FAF00414F85 /* LaunchScreen.storyboard in Resources */,
				B856D92D25426FAF00414F85 /* Assets.xcassets in Resources */,
				B856D92B25426FAE00414F85 /* Main.storyboard in Resources */,
			);
			runOnlyForDeploymentPostprocessing = 0;
		};
/* End PBXResourcesBuildPhase section */

/* Begin PBXSourcesBuildPhase section */
		B856D91C25426FAE00414F85 /* Sources */ = {
			isa = PBXSourcesBuildPhase;
			buildActionMask = 2147483647;
			files = (
				B856D93A254270CD00414F85 /* LoginViewController.swift in Sources */,
				B856D92825426FAE00414F85 /* ViewController.swift in Sources */,
				B856D92425426FAE00414F85 /* AppDelegate.swift in Sources */,
				B856D92625426FAE00414F85 /* SceneDelegate.swift in Sources */,
			);
			runOnlyForDeploymentPostprocessing = 0;
		};
/* End PBXSourcesBuildPhase section */

/* Begin PBXVariantGroup section */
		B856D92925426FAE00414F85 /* Main.storyboard */ = {
			isa = PBXVariantGroup;
			children = (
				B856D92A25426FAE00414F85 /* Base */,
			);
			name = Main.storyboard;
			sourceTree = "<group>";
		};
		B856D92E25426FAF00414F85 /* LaunchScreen.storyboard */ = {
			isa = PBXVariantGroup;
			children = (
				B856D92F25426FAF00414F85 /* Base */,
			);
			name = LaunchScreen.storyboard;
			sourceTree = "<group>";
		};
/* End PBXVariantGroup section */

/* Begin XCBuildConfiguration section */
		B856D93225426FAF00414F85 /* Debug */ = {
			isa = XCBuildConfiguration;
			buildSettings = {
				ALWAYS_SEARCH_USER_PATHS = NO;
				CLANG_ANALYZER_NONNULL = YES;
				CLANG_ANALYZER_NUMBER_OBJECT_CONVERSION = YES_AGGRESSIVE;
				CLANG_CXX_LANGUAGE_STANDARD = "gnu++14";
				CLANG_CXX_LIBRARY = "libc++";
				CLANG_ENABLE_MODULES = YES;
				CLANG_ENABLE_OBJC_ARC = YES;
				CLANG_ENABLE_OBJC_WEAK = YES;
				CLANG_WARN_BLOCK_CAPTURE_AUTORELEASING = YES;
				CLANG_WARN_BOOL_CONVERSION = YES;
				CLANG_WARN_COMMA = YES;
				CLANG_WARN_CONSTANT_CONVERSION = YES;
				CLANG_WARN_DEPRECATED_OBJC_IMPLEMENTATIONS = YES;
				CLANG_WARN_DIRECT_OBJC_ISA_USAGE = YES_ERROR;
				CLANG_WARN_DOCUMENTATION_COMMENTS = YES;
				CLANG_WARN_EMPTY_BODY = YES;
				CLANG_WARN_ENUM_CONVERSION = YES;
				CLANG_WARN_INFINITE_RECURSION = YES;
				CLANG_WARN_INT_CONVERSION = YES;
				CLANG_WARN_NON_LITERAL_NULL_CONVERSION = YES;
				CLANG_WARN_OBJC_IMPLICIT_RETAIN_SELF = YES;
				CLANG_WARN_OBJC_LITERAL_CONVERSION = YES;
				CLANG_WARN_OBJC_ROOT_CLASS = YES_ERROR;
				CLANG_WARN_QUOTED_INCLUDE_IN_FRAMEWORK_HEADER = YES;
				CLANG_WARN_RANGE_LOOP_ANALYSIS = YES;
				CLANG_WARN_STRICT_PROTOTYPES = YES;
				CLANG_WARN_SUSPICIOUS_MOVE = YES;
				CLANG_WARN_UNGUARDED_AVAILABILITY = YES_AGGRESSIVE;
				CLANG_WARN_UNREACHABLE_CODE = YES;
				CLANG_WARN__DUPLICATE_METHOD_MATCH = YES;
				COPY_PHASE_STRIP = NO;
				DEBUG_INFORMATION_FORMAT = dwarf;
				ENABLE_STRICT_OBJC_MSGSEND = YES;
				ENABLE_TESTABILITY = YES;
				GCC_C_LANGUAGE_STANDARD = gnu11;
				GCC_DYNAMIC_NO_PIC = NO;
				GCC_NO_COMMON_BLOCKS = YES;
				GCC_OPTIMIZATION_LEVEL = 0;
				GCC_PREPROCESSOR_DEFINITIONS = (
					"DEBUG=1",
					"$(inherited)",
				);
				GCC_WARN_64_TO_32_BIT_CONVERSION = YES;
				GCC_WARN_ABOUT_RETURN_TYPE = YES_ERROR;
				GCC_WARN_UNDECLARED_SELECTOR = YES;
				GCC_WARN_UNINITIALIZED_AUTOS = YES_AGGRESSIVE;
				GCC_WARN_UNUSED_FUNCTION = YES;
				GCC_WARN_UNUSED_VARIABLE = YES;
				IPHONEOS_DEPLOYMENT_TARGET = 14.0;
				MTL_ENABLE_DEBUG_INFO = INCLUDE_SOURCE;
				MTL_FAST_MATH = YES;
				ONLY_ACTIVE_ARCH = YES;
				SDKROOT = iphoneos;
				SWIFT_ACTIVE_COMPILATION_CONDITIONS = DEBUG;
				SWIFT_OPTIMIZATION_LEVEL = "-Onone";
			};
			name = Debug;
		};
		B856D93325426FAF00414F85 /* Release */ = {
			isa = XCBuildConfiguration;
			buildSettings = {
				ALWAYS_SEARCH_USER_PATHS = NO;
				CLANG_ANALYZER_NONNULL = YES;
				CLANG_ANALYZER_NUMBER_OBJECT_CONVERSION = YES_AGGRESSIVE;
				CLANG_CXX_LANGUAGE_STANDARD = "gnu++14";
				CLANG_CXX_LIBRARY = "libc++";
				CLANG_ENABLE_MODULES = YES;
				CLANG_ENABLE_OBJC_ARC = YES;
				CLANG_ENABLE_OBJC_WEAK = YES;
				CLANG_WARN_BLOCK_CAPTURE_AUTORELEASING = YES;
				CLANG_WARN_BOOL_CONVERSION = YES;
				CLANG_WARN_COMMA = YES;
				CLANG_WARN_CONSTANT_CONVERSION = YES;
				CLANG_WARN_DEPRECATED_OBJC_IMPLEMENTATIONS = YES;
				CLANG_WARN_DIRECT_OBJC_ISA_USAGE = YES_ERROR;
				CLANG_WARN_DOCUMENTATION_COMMENTS = YES;
				CLANG_WARN_EMPTY_BODY = YES;
				CLANG_WARN_ENUM_CONVERSION = YES;
				CLANG_WARN_INFINITE_RECURSION = YES;
				CLANG_WARN_INT_CONVERSION = YES;
				CLANG_WARN_NON_LITERAL_NULL_CONVERSION = YES;
				CLANG_WARN_OBJC_IMPLICIT_RETAIN_SELF = YES;
				CLANG_WARN_OBJC_LITERAL_CONVERSION = YES;
				CLANG_WARN_OBJC_ROOT_CLASS = YES_ERROR;
				CLANG_WARN_QUOTED_INCLUDE_IN_FRAMEWORK_HEADER = YES;
				CLANG_WARN_RANGE_LOOP_ANALYSIS = YES;
				CLANG_WARN_STRICT_PROTOTYPES = YES;
				CLANG_WARN_SUSPICIOUS_MOVE = YES;
				CLANG_WARN_UNGUARDED_AVAILABILITY = YES_AGGRESSIVE;
				CLANG_WARN_UNREACHABLE_CODE = YES;
				CLANG_WARN__DUPLICATE_METHOD_MATCH = YES;
				COPY_PHASE_STRIP = NO;
				DEBUG_INFORMATION_FORMAT = "dwarf-with-dsym";
				ENABLE_NS_ASSERTIONS = NO;
				ENABLE_STRICT_OBJC_MSGSEND = YES;
				GCC_C_LANGUAGE_STANDARD = gnu11;
				GCC_NO_COMMON_BLOCKS = YES;
				GCC_WARN_64_TO_32_BIT_CONVERSION = YES;
				GCC_WARN_ABOUT_RETURN_TYPE = YES_ERROR;
				GCC_WARN_UNDECLARED_SELECTOR = YES;
				GCC_WARN_UNINITIALIZED_AUTOS = YES_AGGRESSIVE;
				GCC_WARN_UNUSED_FUNCTION = YES;
				GCC_WARN_UNUSED_VARIABLE = YES;
				IPHONEOS_DEPLOYMENT_TARGET = 14.0;
				MTL_ENABLE_DEBUG_INFO = NO;
				MTL_FAST_MATH = YES;
				SDKROOT = iphoneos;
				SWIFT_COMPILATION_MODE = wholemodule;
				SWIFT_OPTIMIZATION_LEVEL = "-O";
				VALIDATE_PRODUCT = YES;
			};
			name = Release;
		};
		B856D93525426FAF00414F85 /* Debug */ = {
			isa = XCBuildConfiguration;
			buildSettings = {
				ASSETCATALOG_COMPILER_APPICON_NAME = AppIcon;
				ASSETCATALOG_COMPILER_GLOBAL_ACCENT_COLOR_NAME = AccentColor;
				CODE_SIGN_STYLE = Automatic;
				DEVELOPMENT_TEAM = 6K3889X5L5;
				INFOPLIST_FILE = What_to_eat/Info.plist;
				LD_RUNPATH_SEARCH_PATHS = (
					"$(inherited)",
					"@executable_path/Frameworks",
				);
				PRODUCT_BUNDLE_IDENTIFIER = "Learn.What-to-eat";
				PRODUCT_NAME = "$(TARGET_NAME)";
				SWIFT_VERSION = 5.0;
				TARGETED_DEVICE_FAMILY = "1,2";
			};
			name = Debug;
		};
		B856D93625426FAF00414F85 /* Release */ = {
			isa = XCBuildConfiguration;
			buildSettings = {
				ASSETCATALOG_COMPILER_APPICON_NAME = AppIcon;
				ASSETCATALOG_COMPILER_GLOBAL_ACCENT_COLOR_NAME = AccentColor;
				CODE_SIGN_STYLE = Automatic;
				DEVELOPMENT_TEAM = 6K3889X5L5;
				INFOPLIST_FILE = What_to_eat/Info.plist;
				LD_RUNPATH_SEARCH_PATHS = (
					"$(inherited)",
					"@executable_path/Frameworks",
				);
				PRODUCT_BUNDLE_IDENTIFIER = "Learn.What-to-eat";
				PRODUCT_NAME = "$(TARGET_NAME)";
				SWIFT_VERSION = 5.0;
				TARGETED_DEVICE_FAMILY = "1,2";
			};
			name = Release;
		};
/* End XCBuildConfiguration section */

/* Begin XCConfigurationList section */
		B856D91B25426FAE00414F85 /* Build configuration list for PBXProject "What_to_eat" */ = {
			isa = XCConfigurationList;
			buildConfigurations = (
				B856D93225426FAF00414F85 /* Debug */,
				B856D93325426FAF00414F85 /* Release */,
			);
			defaultConfigurationIsVisible = 0;
			defaultConfigurationName = Release;
		};
		B856D93425426FAF00414F85 /* Build configuration list for PBXNativeTarget "What_to_eat" */ = {
			isa = XCConfigurationList;
			buildConfigurations = (
				B856D93525426FAF00414F85 /* Debug */,
				B856D93625426FAF00414F85 /* Release */,
			);
			defaultConfigurationIsVisible = 0;
			defaultConfigurationName = Release;
		};
/* End XCConfigurationList section */
	};
	rootObject = B856D91825426FAE00414F85 /* Project object */;
}
